
Microsoft Visual Studio Solution File, Format Version 12.00
# Visual Studio 2013
VisualStudioVersion = 12.0.40629.0
MinimumVisualStudioVersion = 10.0.40219.1
Project("{FAE04EC0-301F-11D3-BF4B-00C04F79EFBC}") = "HEA.WebAPIDemo", "HEA.WebAPIDemo\HEA.WebAPIDemo.csproj", "{85EB1BC6-F51A-4773-9E0D-B115C7B7438A}"
EndProject
Project("{FAE04EC0-301F-11D3-BF4B-00C04F79EFBC}") = "HEA.WebAPIDemo.Tests", "HEA.WebAPIDemo.Tests\HEA.WebAPIDemo.Tests.csproj", "{B7D95FB6-D541-4B7E-8A93-FDFE836205F1}"
EndProject
Project("{FAE04EC0-301F-11D3-BF4B-00C04F79EFBC}") = "HEA.Model", "HEA.Model\HEA.Model.csproj", "{7461E8B3-50C3-4BDF-B15A-5E09F1A3C5DC}"
EndProject
Project("{FAE04EC0-301F-11D3-BF4B-00C04F79EFBC}") = "HEA.BFL", "HEA.BFL\HEA.BFL.csproj", "{2BC9D223-D54A-4DCC-B7DA-544D218E0F21}"
EndProject
Global
	GlobalSection(SolutionConfigurationPlatforms) = preSolution
		Debug|Any CPU = Debug|Any CPU
		Release|Any CPU = Release|Any CPU
	EndGlobalSection
	GlobalSection(ProjectConfigurationPlatforms) = postSolution
		{85EB1BC6-F51A-4773-9E0D-B115C7B7438A}.Debug|Any CPU.ActiveCfg = Debug|Any CPU
		{85EB1BC6-F51A-4773-9E0D-B115C7B7438A}.Debug|Any CPU.Build.0 = Debug|Any CPU
		{85EB1BC6-F51A-4773-9E0D-B115C7B7438A}.Release|Any CPU.ActiveCfg = Release|Any CPU
		{85EB1BC6-F51A-4773-9E0D-B115C7B7438A}.Release|Any CPU.Build.0 = Release|Any CPU
		{B7D95FB6-D541-4B7E-8A93-FDFE836205F1}.Debug|Any CPU.ActiveCfg = Debug|Any CPU
		{B7D95FB6-D541-4B7E-8A93-FDFE836205F1}.Debug|Any CPU.Build.0 = Debug|Any CPU
		{B7D95FB6-D541-4B7E-8A93-FDFE836205F1}.Release|Any CPU.ActiveCfg = Release|Any CPU
		{B7D95FB6-D541-4B7E-8A93-FDFE836205F1}.Release|Any CPU.Build.0 = Release|Any CPU
		{7461E8B3-50C3-4BDF-B15A-5E09F1A3C5DC}.Debug|Any CPU.ActiveCfg = Debug|Any CPU
		{7461E8B3-50C3-4BDF-B15A-5E09F1A3C5DC}.Debug|Any CPU.Build.0 = Debug|Any CPU
		{7461E8B3-50C3-4BDF-B15A-5E09F1A3C5DC}.Release|Any CPU.ActiveCfg = Release|Any CPU
		{7461E8B3-50C3-4BDF-B15A-5E09F1A3C5DC}.Release|Any CPU.Build.0 = Release|Any CPU
		{2BC9D223-D54A-4DCC-B7DA-544D218E0F21}.Debug|Any CPU.ActiveCfg = Debug|Any CPU
		{2BC9D223-D54A-4DCC-B7DA-544D218E0F21}.Debug|Any CPU.Build.0 = Debug|Any CPU
		{2BC9D223-D54A-4DCC-B7DA-544D218E0F21}.Release|Any CPU.ActiveCfg = Release|Any CPU
		{2BC9D223-D54A-4DCC-B7DA-544D218E0F21}.Release|Any CPU.Build.0 = Release|Any CPU
	EndGlobalSection
	GlobalSection(SolutionProperties) = preSolution
		HideSolutionNode = FALSE
	EndGlobalSection
EndGlobal
